
Microsoft Visual Studio Solution File, Format Version 12.00
# Visual Studio Version 16
VisualStudioVersion = 16.0.29318.209
MinimumVisualStudioVersion = 10.0.40219.1
Project("{FAE04EC0-301F-11D3-BF4B-00C04F79EFBC}") = "BitCoinAppJV", "BitCoinAppJV\BitCoinAppJV.csproj", "{A19E8841-05DE-46EB-80C1-2BBF81F12D1D}"
EndProject
Global
	GlobalSection(SolutionConfigurationPlatforms) = preSolution
		Debug|Any CPU = Debug|Any CPU
		Release|Any CPU = Release|Any CPU
	EndGlobalSection
	GlobalSection(ProjectConfigurationPlatforms) = postSolution
		{A19E8841-05DE-46EB-80C1-2BBF81F12D1D}.Debug|Any CPU.ActiveCfg = Debug|Any CPU
		{A19E8841-05DE-46EB-80C1-2BBF81F12D1D}.Debug|Any CPU.Build.0 = Debug|Any CPU
		{A19E8841-05DE-46EB-80C1-2BBF81F12D1D}.Release|Any CPU.ActiveCfg = Release|Any CPU
		{A19E8841-05DE-46EB-80C1-2BBF81F12D1D}.Release|Any CPU.Build.0 = Release|Any CPU
	EndGlobalSection
	GlobalSection(SolutionProperties) = preSolution
		HideSolutionNode = FALSE
	EndGlobalSection
	GlobalSection(ExtensibilityGlobals) = postSolution
		SolutionGuid = {D5D0F3DC-32AB-484E-A939-4CF3B8477AC2}
	EndGlobalSection
EndGlobal
